
Microsoft Visual Studio Solution File, Format Version 12.00
# Visual Studio Version 17
VisualStudioVersion = 17.0.31903.59
MinimumVisualStudioVersion = 10.0.40219.1
Project("{FAE04EC0-301F-11D3-BF4B-00C04F79EFBC}") = "EchoDeck.App", "EchoDeck.App\EchoDeck.App.csproj", "{C88AED16-ED0A-47CE-B9E2-0B082E52C580}"
EndProject
Project("{FAE04EC0-301F-11D3-BF4B-00C04F79EFBC}") = "EchoDeck.Engine", "EchoDeck.Engine\EchoDeck.Engine.csproj", "{FEBAB0C3-76F5-426E-8C9E-A4F0607EC5AA}"
EndProject
Project("{FAE04EC0-301F-11D3-BF4B-00C04F79EFBC}") = "EchoDeck.Tests", "EchoDeck.Tests\EchoDeck.Tests.csproj", "{C0BD287A-14ED-44E5-ADA6-1A2EFC809817}"
EndProject
Global
	GlobalSection(SolutionConfigurationPlatforms) = preSolution
		Debug|Any CPU = Debug|Any CPU
		Release|Any CPU = Release|Any CPU
	EndGlobalSection
	GlobalSection(SolutionProperties) = preSolution
		HideSolutionNode = FALSE
	EndGlobalSection
	GlobalSection(ProjectConfigurationPlatforms) = postSolution
		{C88AED16-ED0A-47CE-B9E2-0B082E52C580}.Debug|Any CPU.ActiveCfg = Debug|Any CPU
		{C88AED16-ED0A-47CE-B9E2-0B082E52C580}.Debug|Any CPU.Build.0 = Debug|Any CPU
		{C88AED16-ED0A-47CE-B9E2-0B082E52C580}.Release|Any CPU.ActiveCfg = Release|Any CPU
		{C88AED16-ED0A-47CE-B9E2-0B082E52C580}.Release|Any CPU.Build.0 = Release|Any CPU
		{FEBAB0C3-76F5-426E-8C9E-A4F0607EC5AA}.Debug|Any CPU.ActiveCfg = Debug|Any CPU
		{FEBAB0C3-76F5-426E-8C9E-A4F0607EC5AA}.Debug|Any CPU.Build.0 = Debug|Any CPU
		{FEBAB0C3-76F5-426E-8C9E-A4F0607EC5AA}.Release|Any CPU.ActiveCfg = Release|Any CPU
		{FEBAB0C3-76F5-426E-8C9E-A4F0607EC5AA}.Release|Any CPU.Build.0 = Release|Any CPU
		{C0BD287A-14ED-44E5-ADA6-1A2EFC809817}.Debug|Any CPU.ActiveCfg = Debug|Any CPU
		{C0BD287A-14ED-44E5-ADA6-1A2EFC809817}.Debug|Any CPU.Build.0 = Debug|Any CPU
		{C0BD287A-14ED-44E5-ADA6-1A2EFC809817}.Release|Any CPU.ActiveCfg = Release|Any CPU
		{C0BD287A-14ED-44E5-ADA6-1A2EFC809817}.Release|Any CPU.Build.0 = Release|Any CPU
	EndGlobalSection
EndGlobal
